// !$*UTF8*$!
{
	archiveVersion = 1;
	classes = {
	};
	objectVersion = 46;
	objects = {

/* Begin PBXBuildFile section */
		8A4D26441E003DD100BCC4D2 /* main.m in Sources */ = {isa = PBXBuildFile; fileRef = 8A4D26431E003DD100BCC4D2 /* main.m */; };
		8A4D26471E003DD100BCC4D2 /* AppDelegate.m in Sources */ = {isa = PBXBuildFile; fileRef = 8A4D26461E003DD100BCC4D2 /* AppDelegate.m */; };
		8A4D264A1E003DD100BCC4D2 /* ViewController.m in Sources */ = {isa = PBXBuildFile; fileRef = 8A4D26491E003DD100BCC4D2 /* ViewController.m */; };
		8A4D264D1E003DD100BCC4D2 /* Main.storyboard in Resources */ = {isa = PBXBuildFile; fileRef = 8A4D264B1E003DD100BCC4D2 /* Main.storyboard */; };
		8A4D264F1E003DD100BCC4D2 /* Assets.xcassets in Resources */ = {isa = PBXBuildFile; fileRef = 8A4D264E1E003DD100BCC4D2 /* Assets.xcassets */; };
		8A4D26521E003DD100BCC4D2 /* LaunchScreen.storyboard in Resources */ = {isa = PBXBuildFile; fileRef = 8A4D26501E003DD100BCC4D2 /* LaunchScreen.storyboard */; };
		8A4D265B1E003EC600BCC4D2 /* NetworkTools.m in Sources */ = {isa = PBXBuildFile; fileRef = 8A4D265A1E003EC600BCC4D2 /* NetworkTools.m */; };
		8A4D26601E00419500BCC4D2 /* SecondNetworks.swift in Sources */ = {isa = PBXBuildFile; fileRef = 8A4D265F1E00419500BCC4D2 /* SecondNetworks.swift */; };
		8A4D26621E0045C000BCC4D2 /* DemoViewViewController.swift in Sources */ = {isa = PBXBuildFile; fileRef = 8A4D26611E0045C000BCC4D2 /* DemoViewViewController.swift */; };
/* End PBXBuildFile section */

/* Begin PBXFileReference section */
		8A4D263F1E003DD100BCC4D2 /* Single_test.app */ = {isa = PBXFileReference; explicitFileType = wrapper.application; includeInIndex = 0; path = Single_test.app; sourceTree = BUILT_PRODUCTS_DIR; };
		8A4D26431E003DD100BCC4D2 /* main.m */ = {isa = PBXFileReference; lastKnownFileType = sourcecode.c.objc; path = main.m; sourceTree = "<group>"; };
		8A4D26451E003DD100BCC4D2 /* AppDelegate.h */ = {isa = PBXFileReference; lastKnownFileType = sourcecode.c.h; path = AppDelegate.h; sourceTree = "<group>"; };
		8A4D26461E003DD100BCC4D2 /* AppDelegate.m */ = {isa = PBXFileReference; lastKnownFileType = sourcecode.c.objc; path = AppDelegate.m; sourceTree = "<group>"; };
		8A4D26481E003DD100BCC4D2 /* ViewController.h */ = {isa = PBXFileReference; lastKnownFileType = sourcecode.c.h; path = ViewController.h; sourceTree = "<group>"; };
		8A4D26491E003DD100BCC4D2 /* ViewController.m */ = {isa = PBXFileReference; lastKnownFileType = sourcecode.c.objc; path = ViewController.m; sourceTree = "<group>"; };
		8A4D264C1E003DD100BCC4D2 /* Base */ = {isa = PBXFileReference; lastKnownFileType = file.storyboard; name = Base; path = Base.lproj/Main.storyboard; sourceTree = "<group>"; };
		8A4D264E1E003DD100BCC4D2 /* Assets.xcassets */ = {isa = PBXFileReference; lastKnownFileType = folder.assetcatalog; path = Assets.xcassets; sourceTree = "<group>"; };
		8A4D26511E003DD100BCC4D2 /* Base */ = {isa = PBXFileReference; lastKnownFileType = file.storyboard; name = Base; path = Base.lproj/LaunchScreen.storyboard; sourceTree = "<group>"; };
		8A4D26531E003DD100BCC4D2 /* Info.plist */ = {isa = PBXFileReference; lastKnownFileType = text.plist.xml; path = Info.plist; sourceTree = "<group>"; };
		8A4D26591E003EC600BCC4D2 /* NetworkTools.h */ = {isa = PBXFileReference; fileEncoding = 4; lastKnownFileType = sourcecode.c.h; path = NetworkTools.h; sourceTree = "<group>"; };
		8A4D265A1E003EC600BCC4D2 /* NetworkTools.m */ = {isa = PBXFileReference; fileEncoding = 4; lastKnownFileType = sourcecode.c.objc; path = NetworkTools.m; sourceTree = "<group>"; };
		8A4D265C1E00414A00BCC4D2 /* Single_test-Bridging-Header.h */ = {isa = PBXFileReference; lastKnownFileType = sourcecode.c.h; path = "Single_test-Bridging-Header.h"; sourceTree = "<group>"; };
		8A4D265F1E00419500BCC4D2 /* SecondNetworks.swift */ = {isa = PBXFileReference; fileEncoding = 4; lastKnownFileType = sourcecode.swift; name = SecondNetworks.swift; path = ../SecondNetworks.swift; sourceTree = "<group>"; };
		8A4D26611E0045C000BCC4D2 /* DemoViewViewController.swift */ = {isa = PBXFileReference; fileEncoding = 4; lastKnownFileType = sourcecode.swift; path = DemoViewViewController.swift; sourceTree = "<group>"; };
/* End PBXFileReference section */

/* Begin PBXFrameworksBuildPhase section */
		8A4D263C1E003DD100BCC4D2 /* Frameworks */ = {
			isa = PBXFrameworksBuildPhase;
			buildActionMask = 2147483647;
			files = (
			);
			runOnlyForDeploymentPostprocessing = 0;
		};
/* End PBXFrameworksBuildPhase section */

/* Begin PBXGroup section */
		8A4D26361E003DD100BCC4D2 = {
			isa = PBXGroup;
			children = (
				8A4D26411E003DD100BCC4D2 /* Single_test */,
				8A4D26401E003DD100BCC4D2 /* Products */,
			);
			sourceTree = "<group>";
		};
		8A4D26401E003DD100BCC4D2 /* Products */ = {
			isa = PBXGroup;
			children = (
				8A4D263F1E003DD100BCC4D2 /* Single_test.app */,
			);
			name = Products;
			sourceTree = "<group>";
		};
		8A4D26411E003DD100BCC4D2 /* Single_test */ = {
			isa = PBXGroup;
			children = (
				8A4D26451E003DD100BCC4D2 /* AppDelegate.h */,
				8A4D26461E003DD100BCC4D2 /* AppDelegate.m */,
				8A4D26481E003DD100BCC4D2 /* ViewController.h */,
				8A4D26491E003DD100BCC4D2 /* ViewController.m */,
				8A4D26591E003EC600BCC4D2 /* NetworkTools.h */,
				8A4D265A1E003EC600BCC4D2 /* NetworkTools.m */,
				8A4D265F1E00419500BCC4D2 /* SecondNetworks.swift */,
				8A4D26611E0045C000BCC4D2 /* DemoViewViewController.swift */,
				8A4D264B1E003DD100BCC4D2 /* Main.storyboard */,
				8A4D264E1E003DD100BCC4D2 /* Assets.xcassets */,
				8A4D26501E003DD100BCC4D2 /* LaunchScreen.storyboard */,
				8A4D26531E003DD100BCC4D2 /* Info.plist */,
				8A4D26421E003DD100BCC4D2 /* Supporting Files */,
				8A4D265C1E00414A00BCC4D2 /* Single_test-Bridging-Header.h */,
			);
			path = Single_test;
			sourceTree = "<group>";
		};
		8A4D26421E003DD100BCC4D2 /* Supporting Files */ = {
			isa = PBXGroup;
			children = (
				8A4D26431E003DD100BCC4D2 /* main.m */,
			);
			name = "Supporting Files";
			sourceTree = "<group>";
		};
/* End PBXGroup section */

/* Begin PBXNativeTarget section */
		8A4D263E1E003DD100BCC4D2 /* Single_test */ = {
			isa = PBXNativeTarget;
			buildConfigurationList = 8A4D26561E003DD100BCC4D2 /* Build configuration list for PBXNativeTarget "Single_test" */;
			buildPhases = (
				8A4D263B1E003DD100BCC4D2 /* Sources */,
				8A4D263C1E003DD100BCC4D2 /* Frameworks */,
				8A4D263D1E003DD100BCC4D2 /* Resources */,
			);
			buildRules = (
			);
			dependencies = (
			);
			name = Single_test;
			productName = Single_test;
			productReference = 8A4D263F1E003DD100BCC4D2 /* Single_test.app */;
			productType = "com.apple.product-type.application";
		};
/* End PBXNativeTarget section */

/* Begin PBXProject section */
		8A4D26371E003DD100BCC4D2 /* Project object */ = {
			isa = PBXProject;
			attributes = {
				LastUpgradeCheck = 0720;
				ORGANIZATIONNAME = xieyi;
				TargetAttributes = {
					8A4D263E1E003DD100BCC4D2 = {
						CreatedOnToolsVersion = 7.2;
						DevelopmentTeam = 559J8UT489;
					};
				};
			};
			buildConfigurationList = 8A4D263A1E003DD100BCC4D2 /* Build configuration list for PBXProject "Single_test" */;
			compatibilityVersion = "Xcode 3.2";
			developmentRegion = English;
			hasScannedForEncodings = 0;
			knownRegions = (
				en,
				Base,
			);
			mainGroup = 8A4D26361E003DD100BCC4D2;
			productRefGroup = 8A4D26401E003DD100BCC4D2 /* Products */;
			projectDirPath = "";
			projectRoot = "";
			targets = (
				8A4D263E1E003DD100BCC4D2 /* Single_test */,
			);
		};
/* End PBXProject section */

/* Begin PBXResourcesBuildPhase section */
		8A4D263D1E003DD100BCC4D2 /* Resources */ = {
			isa = PBXResourcesBuildPhase;
			buildActionMask = 2147483647;
			files = (
				8A4D26521E003DD100BCC4D2 /* LaunchScreen.storyboard in Resources */,
				8A4D264F1E003DD100BCC4D2 /* Assets.xcassets in Resources */,
				8A4D264D1E003DD100BCC4D2 /* Main.storyboard in Resources */,
			);
			runOnlyForDeploymentPostprocessing = 0;
		};
/* End PBXResourcesBuildPhase section */

/* Begin PBXSourcesBuildPhase section */
		8A4D263B1E003DD100BCC4D2 /* Sources */ = {
			isa = PBXSourcesBuildPhase;
			buildActionMask = 2147483647;
			files = (
				8A4D26621E0045C000BCC4D2 /* DemoViewViewController.swift in Sources */,
				8A4D265B1E003EC600BCC4D2 /* NetworkTools.m in Sources */,
				8A4D264A1E003DD100BCC4D2 /* ViewController.m in Sources */,
				8A4D26471E003DD100BCC4D2 /* AppDelegate.m in Sources */,
				8A4D26441E003DD100BCC4D2 /* main.m in Sources */,
				8A4D26601E00419500BCC4D2 /* SecondNetworks.swift in Sources */,
			);
			runOnlyForDeploymentPostprocessing = 0;
		};
/* End PBXSourcesBuildPhase section */

/* Begin PBXVariantGroup section */
		8A4D264B1E003DD100BCC4D2 /* Main.storyboard */ = {
			isa = PBXVariantGroup;
			children = (
				8A4D264C1E003DD100BCC4D2 /* Base */,
			);
			name = Main.storyboard;
			sourceTree = "<group>";
		};
		8A4D26501E003DD100BCC4D2 /* LaunchScreen.storyboard */ = {
			isa = PBXVariantGroup;
			children = (
				8A4D26511E003DD100BCC4D2 /* Base */,
			);
			name = LaunchScreen.storyboard;
			sourceTree = "<group>";
		};
/* End PBXVariantGroup section */

/* Begin XCBuildConfiguration section */
		8A4D26541E003DD100BCC4D2 /* Debug */ = {
			isa = XCBuildConfiguration;
			buildSettings = {
				ALWAYS_SEARCH_USER_PATHS = NO;
				CLANG_CXX_LANGUAGE_STANDARD = "gnu++0x";
				CLANG_CXX_LIBRARY = "libc++";
				CLANG_ENABLE_MODULES = YES;
				CLANG_ENABLE_OBJC_ARC = YES;
				CLANG_WARN_BOOL_CONVERSION = YES;
				CLANG_WARN_CONSTANT_CONVERSION = YES;
				CLANG_WARN_DIRECT_OBJC_ISA_USAGE = YES_ERROR;
				CLANG_WARN_EMPTY_BODY = YES;
				CLANG_WARN_ENUM_CONVERSION = YES;
				CLANG_WARN_INT_CONVERSION = YES;
				CLANG_WARN_OBJC_ROOT_CLASS = YES_ERROR;
				CLANG_WARN_UNREACHABLE_CODE = YES;
				CLANG_WARN__DUPLICATE_METHOD_MATCH = YES;
				"CODE_SIGN_IDENTITY[sdk=iphoneos*]" = "iPhone Developer";
				COPY_PHASE_STRIP = NO;
				DEBUG_INFORMATION_FORMAT = dwarf;
				ENABLE_STRICT_OBJC_MSGSEND = YES;
				ENABLE_TESTABILITY = YES;
				GCC_C_LANGUAGE_STANDARD = gnu99;
				GCC_DYNAMIC_NO_PIC = NO;
				GCC_NO_COMMON_BLOCKS = YES;
				GCC_OPTIMIZATION_LEVEL = 0;
				GCC_PREPROCESSOR_DEFINITIONS = (
					"DEBUG=1",
					"$(inherited)",
				);
				GCC_WARN_64_TO_32_BIT_CONVERSION = YES;
				GCC_WARN_ABOUT_RETURN_TYPE = YES_ERROR;
				GCC_WARN_UNDECLARED_SELECTOR = YES;
				GCC_WARN_UNINITIALIZED_AUTOS = YES_AGGRESSIVE;
				GCC_WARN_UNUSED_FUNCTION = YES;
				GCC_WARN_UNUSED_VARIABLE = YES;
				IPHONEOS_DEPLOYMENT_TARGET = 9.2;
				MTL_ENABLE_DEBUG_INFO = YES;
				ONLY_ACTIVE_ARCH = YES;
				SDKROOT = iphoneos;
				TARGETED_DEVICE_FAMILY = "1,2";
			};
			name = Debug;
		};
		8A4D26551E003DD100BCC4D2 /* Release */ = {
			isa = XCBuildConfiguration;
			buildSettings = {
				ALWAYS_SEARCH_USER_PATHS = NO;
				CLANG_CXX_LANGUAGE_STANDARD = "gnu++0x";
				CLANG_CXX_LIBRARY = "libc++";
				CLANG_ENABLE_MODULES = YES;
				CLANG_ENABLE_OBJC_ARC = YES;
				CLANG_WARN_BOOL_CONVERSION = YES;
				CLANG_WARN_CONSTANT_CONVERSION = YES;
				CLANG_WARN_DIRECT_OBJC_ISA_USAGE = YES_ERROR;
				CLANG_WARN_EMPTY_BODY = YES;
				CLANG_WARN_ENUM_CONVERSION = YES;
				CLANG_WARN_INT_CONVERSION = YES;
				CLANG_WARN_OBJC_ROOT_CLASS = YES_ERROR;
				CLANG_WARN_UNREACHABLE_CODE = YES;
				CLANG_WARN__DUPLICATE_METHOD_MATCH = YES;
				"CODE_SIGN_IDENTITY[sdk=iphoneos*]" = "iPhone Developer";
				COPY_PHASE_STRIP = NO;
				DEBUG_INFORMATION_FORMAT = "dwarf-with-dsym";
				ENABLE_NS_ASSERTIONS = NO;
				ENABLE_STRICT_OBJC_MSGSEND = YES;
				GCC_C_LANGUAGE_STANDARD = gnu99;
				GCC_NO_COMMON_BLOCKS = YES;
				GCC_WARN_64_TO_32_BIT_CONVERSION = YES;
				GCC_WARN_ABOUT_RETURN_TYPE = YES_ERROR;
				GCC_WARN_UNDECLARED_SELECTOR = YES;
				GCC_WARN_UNINITIALIZED_AUTOS = YES_AGGRESSIVE;
				GCC_WARN_UNUSED_FUNCTION = YES;
				GCC_WARN_UNUSED_VARIABLE = YES;
				IPHONEOS_DEPLOYMENT_TARGET = 9.2;
				MTL_ENABLE_DEBUG_INFO = NO;
				SDKROOT = iphoneos;
				TARGETED_DEVICE_FAMILY = "1,2";
				VALIDATE_PRODUCT = YES;
			};
			name = Release;
		};
		8A4D26571E003DD100BCC4D2 /* Debug */ = {
			isa = XCBuildConfiguration;
			buildSettings = {
				ASSETCATALOG_COMPILER_APPICON_NAME = AppIcon;
				CLANG_ENABLE_MODULES = YES;
				INFOPLIST_FILE = Single_test/Info.plist;
				LD_RUNPATH_SEARCH_PATHS = "$(inherited) @executable_path/Frameworks";
				PRODUCT_BUNDLE_IDENTIFIER = "xieyi.Single-test";
				PRODUCT_NAME = "$(TARGET_NAME)";
				SWIFT_OBJC_BRIDGING_HEADER = "Single_test/Single_test-Bridging-Header.h";
				SWIFT_OPTIMIZATION_LEVEL = "-Onone";
			};
			name = Debug;
		};
		8A4D26581E003DD100BCC4D2 /* Release */ = {
			isa = XCBuildConfiguration;
			buildSettings = {
				ASSETCATALOG_COMPILER_APPICON_NAME = AppIcon;
				CLANG_ENABLE_MODULES = YES;
				INFOPLIST_FILE = Single_test/Info.plist;
				LD_RUNPATH_SEARCH_PATHS = "$(inherited) @executable_path/Frameworks";
				PRODUCT_BUNDLE_IDENTIFIER = "xieyi.Single-test";
				PRODUCT_NAME = "$(TARGET_NAME)";
				SWIFT_OBJC_BRIDGING_HEADER = "Single_test/Single_test-Bridging-Header.h";
			};
			name = Release;
		};
/* End XCBuildConfiguration section */

/* Begin XCConfigurationList section */
		8A4D263A1E003DD100BCC4D2 /* Build configuration list for PBXProject "Single_test" */ = {
			isa = XCConfigurationList;
			buildConfigurations = (
				8A4D26541E003DD100BCC4D2 /* Debug */,
				8A4D26551E003DD100BCC4D2 /* Release */,
			);
			defaultConfigurationIsVisible = 0;
			defaultConfigurationName = Release;
		};
		8A4D26561E003DD100BCC4D2 /* Build configuration list for PBXNativeTarget "Single_test" */ = {
			isa = XCConfigurationList;
			buildConfigurations = (
				8A4D26571E003DD100BCC4D2 /* Debug */,
				8A4D26581E003DD100BCC4D2 /* Release */,
			);
			defaultConfigurationIsVisible = 0;
		};
/* End XCConfigurationList section */
	};
	rootObject = 8A4D26371E003DD100BCC4D2 /* Project object */;
}
